
Microsoft Visual Studio Solution File, Format Version 12.00
# Visual Studio Version 17
VisualStudioVersion = 17.7.34031.279
MinimumVisualStudioVersion = 10.0.40219.1
Project("{FAE04EC0-301F-11D3-BF4B-00C04F79EFBC}") = "TrafficLight", "TrafficLight\TrafficLight.csproj", "{90742492-33DD-4C20-BE0F-61C5BCB0B1D5}"
EndProject
Global
	GlobalSection(SolutionConfigurationPlatforms) = preSolution
		Debug|Any CPU = Debug|Any CPU
		Release|Any CPU = Release|Any CPU
	EndGlobalSection
	GlobalSection(ProjectConfigurationPlatforms) = postSolution
		{90742492-33DD-4C20-BE0F-61C5BCB0B1D5}.Debug|Any CPU.ActiveCfg = Debug|Any CPU
		{90742492-33DD-4C20-BE0F-61C5BCB0B1D5}.Debug|Any CPU.Build.0 = Debug|Any CPU
		{90742492-33DD-4C20-BE0F-61C5BCB0B1D5}.Release|Any CPU.ActiveCfg = Release|Any CPU
		{90742492-33DD-4C20-BE0F-61C5BCB0B1D5}.Release|Any CPU.Build.0 = Release|Any CPU
	EndGlobalSection
	GlobalSection(SolutionProperties) = preSolution
		HideSolutionNode = FALSE
	EndGlobalSection
	GlobalSection(ExtensibilityGlobals) = postSolution
		SolutionGuid = {D71F8EC1-6060-4EE8-9CC5-43A2BF05E66F}
	EndGlobalSection
EndGlobal
